
Microsoft Visual Studio Solution File, Format Version 12.00
# Visual Studio Version 17
VisualStudioVersion = 17.10.35013.160
MinimumVisualStudioVersion = 10.0.40219.1
Project("{FAE04EC0-301F-11D3-BF4B-00C04F79EFBC}") = "ShopBook", "ShopBook.csproj", "{2EEA64AF-F884-4EAF-8490-582892C870F9}"
EndProject
Global
	GlobalSection(SolutionConfigurationPlatforms) = preSolution
		Debug|Any CPU = Debug|Any CPU
		Release|Any CPU = Release|Any CPU
	EndGlobalSection
	GlobalSection(ProjectConfigurationPlatforms) = postSolution
		{2EEA64AF-F884-4EAF-8490-582892C870F9}.Debug|Any CPU.ActiveCfg = Debug|Any CPU
		{2EEA64AF-F884-4EAF-8490-582892C870F9}.Debug|Any CPU.Build.0 = Debug|Any CPU
		{2EEA64AF-F884-4EAF-8490-582892C870F9}.Release|Any CPU.ActiveCfg = Release|Any CPU
		{2EEA64AF-F884-4EAF-8490-582892C870F9}.Release|Any CPU.Build.0 = Release|Any CPU
	EndGlobalSection
	GlobalSection(SolutionProperties) = preSolution
		HideSolutionNode = FALSE
	EndGlobalSection
	GlobalSection(ExtensibilityGlobals) = postSolution
		SolutionGuid = {A61F162B-BA65-45D2-8F35-86B66FD3B7D9}
	EndGlobalSection
EndGlobal
